
Microsoft Visual Studio Solution File, Format Version 12.00
# Visual Studio 14
VisualStudioVersion = 14.0.25420.1
MinimumVisualStudioVersion = 10.0.40219.1
Project("{2150E333-8FDC-42A3-9474-1A3956D46DE8}") = "Infrastructure", "Infrastructure", "{473A9A06-1478-43AC-B8AC-E1BA836F6F0C}"
EndProject
Project("{FAE04EC0-301F-11D3-BF4B-00C04F79EFBC}") = "DataAccess", "DataAccess\DataAccess.csproj", "{482A96B7-E657-4D88-A1C8-B48EACD70D69}"
EndProject
Project("{FAE04EC0-301F-11D3-BF4B-00C04F79EFBC}") = "DataAccessTest", "DataAccessTest\DataAccessTest.csproj", "{1E006B7B-FEB1-49F2-9244-C80FC0542782}"
EndProject
Project("{2150E333-8FDC-42A3-9474-1A3956D46DE8}") = "Core", "Core", "{811A7FE7-BFD4-48E3-88E5-D1F73F252CC1}"
EndProject
Project("{FAE04EC0-301F-11D3-BF4B-00C04F79EFBC}") = "Services", "Services\Services.csproj", "{B4E15C70-37CD-4E91-AF03-A2298D2C9AC2}"
EndProject
Project("{FAE04EC0-301F-11D3-BF4B-00C04F79EFBC}") = "ServiceTests", "ServiceTests\ServiceTests.csproj", "{0313713D-4920-4524-BA77-29E3E52486B0}"
EndProject
Project("{2150E333-8FDC-42A3-9474-1A3956D46DE8}") = "UI", "UI", "{EC794F5F-2E7E-462F-968E-3714BCD8FCCB}"
EndProject
Project("{FAE04EC0-301F-11D3-BF4B-00C04F79EFBC}") = "WebApp", "WebApp\WebApp.csproj", "{F888ECAE-D96E-41D5-B4C5-4AADF328A4DC}"
EndProject
Project("{FAE04EC0-301F-11D3-BF4B-00C04F79EFBC}") = "WebApp.Tests", "WebApp.Tests\WebApp.Tests.csproj", "{8C8B8267-3D52-4448-94F6-7C1A50A23584}"
EndProject
Project("{FAE04EC0-301F-11D3-BF4B-00C04F79EFBC}") = "WebAPI", "WebAPI\WebAPI.csproj", "{125B667C-02A2-4269-B865-4B5B1FB57EE0}"
EndProject
Project("{FAE04EC0-301F-11D3-BF4B-00C04F79EFBC}") = "WebAPI.Tests", "WebAPI.Tests\WebAPI.Tests.csproj", "{F0AF74D7-DD44-4E18-97B3-B83D945757D5}"
EndProject
Global
	GlobalSection(SolutionConfigurationPlatforms) = preSolution
		Debug|Any CPU = Debug|Any CPU
		Release|Any CPU = Release|Any CPU
	EndGlobalSection
	GlobalSection(ProjectConfigurationPlatforms) = postSolution
		{482A96B7-E657-4D88-A1C8-B48EACD70D69}.Debug|Any CPU.ActiveCfg = Debug|Any CPU
		{482A96B7-E657-4D88-A1C8-B48EACD70D69}.Debug|Any CPU.Build.0 = Debug|Any CPU
		{482A96B7-E657-4D88-A1C8-B48EACD70D69}.Release|Any CPU.ActiveCfg = Release|Any CPU
		{482A96B7-E657-4D88-A1C8-B48EACD70D69}.Release|Any CPU.Build.0 = Release|Any CPU
		{1E006B7B-FEB1-49F2-9244-C80FC0542782}.Debug|Any CPU.ActiveCfg = Debug|Any CPU
		{1E006B7B-FEB1-49F2-9244-C80FC0542782}.Debug|Any CPU.Build.0 = Debug|Any CPU
		{1E006B7B-FEB1-49F2-9244-C80FC0542782}.Release|Any CPU.ActiveCfg = Release|Any CPU
		{1E006B7B-FEB1-49F2-9244-C80FC0542782}.Release|Any CPU.Build.0 = Release|Any CPU
		{B4E15C70-37CD-4E91-AF03-A2298D2C9AC2}.Debug|Any CPU.ActiveCfg = Debug|Any CPU
		{B4E15C70-37CD-4E91-AF03-A2298D2C9AC2}.Debug|Any CPU.Build.0 = Debug|Any CPU
		{B4E15C70-37CD-4E91-AF03-A2298D2C9AC2}.Release|Any CPU.ActiveCfg = Release|Any CPU
		{B4E15C70-37CD-4E91-AF03-A2298D2C9AC2}.Release|Any CPU.Build.0 = Release|Any CPU
		{0313713D-4920-4524-BA77-29E3E52486B0}.Debug|Any CPU.ActiveCfg = Debug|Any CPU
		{0313713D-4920-4524-BA77-29E3E52486B0}.Debug|Any CPU.Build.0 = Debug|Any CPU
		{0313713D-4920-4524-BA77-29E3E52486B0}.Release|Any CPU.ActiveCfg = Release|Any CPU
		{0313713D-4920-4524-BA77-29E3E52486B0}.Release|Any CPU.Build.0 = Release|Any CPU
		{F888ECAE-D96E-41D5-B4C5-4AADF328A4DC}.Debug|Any CPU.ActiveCfg = Debug|Any CPU
		{F888ECAE-D96E-41D5-B4C5-4AADF328A4DC}.Debug|Any CPU.Build.0 = Debug|Any CPU
		{F888ECAE-D96E-41D5-B4C5-4AADF328A4DC}.Release|Any CPU.ActiveCfg = Release|Any CPU
		{F888ECAE-D96E-41D5-B4C5-4AADF328A4DC}.Release|Any CPU.Build.0 = Release|Any CPU
		{8C8B8267-3D52-4448-94F6-7C1A50A23584}.Debug|Any CPU.ActiveCfg = Debug|Any CPU
		{8C8B8267-3D52-4448-94F6-7C1A50A23584}.Debug|Any CPU.Build.0 = Debug|Any CPU
		{8C8B8267-3D52-4448-94F6-7C1A50A23584}.Release|Any CPU.ActiveCfg = Release|Any CPU
		{8C8B8267-3D52-4448-94F6-7C1A50A23584}.Release|Any CPU.Build.0 = Release|Any CPU
		{125B667C-02A2-4269-B865-4B5B1FB57EE0}.Debug|Any CPU.ActiveCfg = Debug|Any CPU
		{125B667C-02A2-4269-B865-4B5B1FB57EE0}.Debug|Any CPU.Build.0 = Debug|Any CPU
		{125B667C-02A2-4269-B865-4B5B1FB57EE0}.Release|Any CPU.ActiveCfg = Release|Any CPU
		{125B667C-02A2-4269-B865-4B5B1FB57EE0}.Release|Any CPU.Build.0 = Release|Any CPU
		{F0AF74D7-DD44-4E18-97B3-B83D945757D5}.Debug|Any CPU.ActiveCfg = Debug|Any CPU
		{F0AF74D7-DD44-4E18-97B3-B83D945757D5}.Debug|Any CPU.Build.0 = Debug|Any CPU
		{F0AF74D7-DD44-4E18-97B3-B83D945757D5}.Release|Any CPU.ActiveCfg = Release|Any CPU
		{F0AF74D7-DD44-4E18-97B3-B83D945757D5}.Release|Any CPU.Build.0 = Release|Any CPU
	EndGlobalSection
	GlobalSection(SolutionProperties) = preSolution
		HideSolutionNode = FALSE
	EndGlobalSection
	GlobalSection(NestedProjects) = preSolution
		{482A96B7-E657-4D88-A1C8-B48EACD70D69} = {473A9A06-1478-43AC-B8AC-E1BA836F6F0C}
		{1E006B7B-FEB1-49F2-9244-C80FC0542782} = {473A9A06-1478-43AC-B8AC-E1BA836F6F0C}
		{B4E15C70-37CD-4E91-AF03-A2298D2C9AC2} = {811A7FE7-BFD4-48E3-88E5-D1F73F252CC1}
		{0313713D-4920-4524-BA77-29E3E52486B0} = {811A7FE7-BFD4-48E3-88E5-D1F73F252CC1}
		{F888ECAE-D96E-41D5-B4C5-4AADF328A4DC} = {EC794F5F-2E7E-462F-968E-3714BCD8FCCB}
		{8C8B8267-3D52-4448-94F6-7C1A50A23584} = {EC794F5F-2E7E-462F-968E-3714BCD8FCCB}
		{125B667C-02A2-4269-B865-4B5B1FB57EE0} = {EC794F5F-2E7E-462F-968E-3714BCD8FCCB}
		{F0AF74D7-DD44-4E18-97B3-B83D945757D5} = {EC794F5F-2E7E-462F-968E-3714BCD8FCCB}
	EndGlobalSection
EndGlobal
